<?xml version="1.0" encoding="utf-8"?>
<Project ToolsVersion="4.0" xmlns="http://schemas.microsoft.com/developer/msbuild/2003">
  <ItemGroup>
    <Filter Include="Source Files">
      <UniqueIdentifier>{e8048c2d-c864-4382-b6ef-20c56dbc94db}</UniqueIdentifier>
      <Extensions>cpp;c;cxx;rc;def;r;odl;idl;hpj;bat</Extensions>
    </Filter>
    <Filter Include="Header Files">
      <UniqueIdentifier>{538d3fd1-d08f-4d08-9b20-b2a2241f8bae}</UniqueIdentifier>
      <Extensions>h;hpp;hxx;hm;inl</Extensions>
    </Filter>
    <Filter Include="Resource Files">
      <UniqueIdentifier>{c763a654-e30f-42b1-9c3a-081305766c43}</UniqueIdentifier>
      <Extensions>ico;cur;bmp;dlg;rc2;rct;bin;rgs;gif;jpg;jpeg;jpe</Extensions>
    </Filter>
    <Filter Include="lang">
      <UniqueIdentifier>{5522700d-ba03-4377-9fc7-b0d91581d3d0}</UniqueIdentifier>
    </Filter>
    <Filter Include="lang\kk">
      <UniqueIdentifier>{d3e1fe0e-f79c-4f7d-92cc-91c62c217699}</UniqueIdentifier>
    </Filter>
  </ItemGroup>
  <ItemGroup>
    <ClCompile Include="decoder.c">
      <Filter>Source Files</Filter>
    </ClCompile>
    <ClCompile Include="DecoderApp.cpp">
      <Filter>Source Files</Filter>
    </ClCompile>
  </ItemGroup>
  <ItemGroup>
    <ClInclude Include="..\defevent.h">
      <Filter>Header Files</Filter>
    </ClInclude>
    <ClInclude Include="ASRSrvApp.h">
      <Filter>Header Files</Filter>
    </ClInclude>
  </ItemGroup>
  <ItemGroup>
    <None Include="lang\kk\Decoder.po">
      <Filter>lang\kk</Filter>
    </None>
  </ItemGroup>
</Project>